
Microsoft Visual Studio Solution File, Format Version 12.00
# Visual Studio Version 16
VisualStudioVersion = 16.0.29209.62
MinimumVisualStudioVersion = 10.0.40219.1
Project("{9092AA53-FB77-4645-B42D-1CCCA6BD08BD}") = "{{app_name}}", "{{project_location}}", "{184635F5-DB8F-4FB5-9ECE-D00FEB010D86}"
EndProject
Global
	GlobalSection(SolutionConfigurationPlatforms) = preSolution
		Debug|Any CPU = Debug|Any CPU
		Release|Any CPU = Release|Any CPU
	EndGlobalSection
	GlobalSection(ProjectConfigurationPlatforms) = postSolution
		{184635F5-DB8F-4FB5-9ECE-D00FEB010D86}.Debug|Any CPU.ActiveCfg = Debug|Any CPU
		{184635F5-DB8F-4FB5-9ECE-D00FEB010D86}.Debug|Any CPU.Build.0 = Debug|Any CPU
		{184635F5-DB8F-4FB5-9ECE-D00FEB010D86}.Release|Any CPU.ActiveCfg = Release|Any CPU
		{184635F5-DB8F-4FB5-9ECE-D00FEB010D86}.Release|Any CPU.Build.0 = Release|Any CPU
	EndGlobalSection
	GlobalSection(SolutionProperties) = preSolution
		HideSolutionNode = FALSE
	EndGlobalSection
	GlobalSection(ExtensibilityGlobals) = postSolution
		SolutionGuid = {D25ECFF0-F24B-41C0-84BE-B8D07F1362ED}
	EndGlobalSection
EndGlobal
